
Microsoft Visual Studio Solution File, Format Version 12.00
# Visual Studio 15
VisualStudioVersion = 15.0.26124.0
MinimumVisualStudioVersion = 15.0.26124.0
Project("{9A19103F-16F7-4668-BE54-9A1E7A4F7556}") = "NetCoreVueApp.Core", "NetCoreVueApp.Core\NetCoreVueApp.Core.csproj", "{F3F4A35F-775E-4B05-8C33-62C3C835B08B}"
EndProject
Project("{9A19103F-16F7-4668-BE54-9A1E7A4F7556}") = "NetCoreVueApp.Web", "NetCoreVueApp.Web\NetCoreVueApp.Web.csproj", "{B461193B-9296-4848-A3D9-8753E2B270A2}"
EndProject
Global
	GlobalSection(SolutionConfigurationPlatforms) = preSolution
		Debug|Any CPU = Debug|Any CPU
		Debug|x64 = Debug|x64
		Debug|x86 = Debug|x86
		Release|Any CPU = Release|Any CPU
		Release|x64 = Release|x64
		Release|x86 = Release|x86
	EndGlobalSection
	GlobalSection(ProjectConfigurationPlatforms) = postSolution
		{F3F4A35F-775E-4B05-8C33-62C3C835B08B}.Debug|Any CPU.ActiveCfg = Debug|Any CPU
		{F3F4A35F-775E-4B05-8C33-62C3C835B08B}.Debug|Any CPU.Build.0 = Debug|Any CPU
		{F3F4A35F-775E-4B05-8C33-62C3C835B08B}.Debug|x64.ActiveCfg = Debug|Any CPU
		{F3F4A35F-775E-4B05-8C33-62C3C835B08B}.Debug|x64.Build.0 = Debug|Any CPU
		{F3F4A35F-775E-4B05-8C33-62C3C835B08B}.Debug|x86.ActiveCfg = Debug|Any CPU
		{F3F4A35F-775E-4B05-8C33-62C3C835B08B}.Debug|x86.Build.0 = Debug|Any CPU
		{F3F4A35F-775E-4B05-8C33-62C3C835B08B}.Release|Any CPU.ActiveCfg = Release|Any CPU
		{F3F4A35F-775E-4B05-8C33-62C3C835B08B}.Release|Any CPU.Build.0 = Release|Any CPU
		{F3F4A35F-775E-4B05-8C33-62C3C835B08B}.Release|x64.ActiveCfg = Release|Any CPU
		{F3F4A35F-775E-4B05-8C33-62C3C835B08B}.Release|x64.Build.0 = Release|Any CPU
		{F3F4A35F-775E-4B05-8C33-62C3C835B08B}.Release|x86.ActiveCfg = Release|Any CPU
		{F3F4A35F-775E-4B05-8C33-62C3C835B08B}.Release|x86.Build.0 = Release|Any CPU
		{B461193B-9296-4848-A3D9-8753E2B270A2}.Debug|Any CPU.ActiveCfg = Debug|Any CPU
		{B461193B-9296-4848-A3D9-8753E2B270A2}.Debug|Any CPU.Build.0 = Debug|Any CPU
		{B461193B-9296-4848-A3D9-8753E2B270A2}.Debug|x64.ActiveCfg = Debug|Any CPU
		{B461193B-9296-4848-A3D9-8753E2B270A2}.Debug|x64.Build.0 = Debug|Any CPU
		{B461193B-9296-4848-A3D9-8753E2B270A2}.Debug|x86.ActiveCfg = Debug|Any CPU
		{B461193B-9296-4848-A3D9-8753E2B270A2}.Debug|x86.Build.0 = Debug|Any CPU
		{B461193B-9296-4848-A3D9-8753E2B270A2}.Release|Any CPU.ActiveCfg = Release|Any CPU
		{B461193B-9296-4848-A3D9-8753E2B270A2}.Release|Any CPU.Build.0 = Release|Any CPU
		{B461193B-9296-4848-A3D9-8753E2B270A2}.Release|x64.ActiveCfg = Release|Any CPU
		{B461193B-9296-4848-A3D9-8753E2B270A2}.Release|x64.Build.0 = Release|Any CPU
		{B461193B-9296-4848-A3D9-8753E2B270A2}.Release|x86.ActiveCfg = Release|Any CPU
		{B461193B-9296-4848-A3D9-8753E2B270A2}.Release|x86.Build.0 = Release|Any CPU
	EndGlobalSection
	GlobalSection(SolutionProperties) = preSolution
		HideSolutionNode = FALSE
	EndGlobalSection
	GlobalSection(ExtensibilityGlobals) = postSolution
		SolutionGuid = {FEB0FA51-8F14-421E-893F-BACA08024D4A}
	EndGlobalSection
EndGlobal
